
Microsoft Visual Studio Solution File, Format Version 12.00
# Visual Studio 15
VisualStudioVersion = 15.0.28307.421
MinimumVisualStudioVersion = 10.0.40219.1
Project("{FAE04EC0-301F-11D3-BF4B-00C04F79EFBC}") = "Jazz", "Jazz\Jazz.csproj", "{554A9BDC-B4CC-4E9E-9DE4-69D4FDCC971E}"
EndProject
Global
	GlobalSection(SolutionConfigurationPlatforms) = preSolution
		Debug|Any CPU = Debug|Any CPU
		Release|Any CPU = Release|Any CPU
	EndGlobalSection
	GlobalSection(ProjectConfigurationPlatforms) = postSolution
		{554A9BDC-B4CC-4E9E-9DE4-69D4FDCC971E}.Debug|Any CPU.ActiveCfg = Debug|Any CPU
		{554A9BDC-B4CC-4E9E-9DE4-69D4FDCC971E}.Debug|Any CPU.Build.0 = Debug|Any CPU
		{554A9BDC-B4CC-4E9E-9DE4-69D4FDCC971E}.Release|Any CPU.ActiveCfg = Release|Any CPU
		{554A9BDC-B4CC-4E9E-9DE4-69D4FDCC971E}.Release|Any CPU.Build.0 = Release|Any CPU
	EndGlobalSection
	GlobalSection(SolutionProperties) = preSolution
		HideSolutionNode = FALSE
	EndGlobalSection
	GlobalSection(ExtensibilityGlobals) = postSolution
		SolutionGuid = {B5113900-7B4D-4E3A-B5CF-B55A16BD048B}
	EndGlobalSection
EndGlobal
